
Microsoft Visual Studio Solution File, Format Version 12.00
# Visual Studio 14
VisualStudioVersion = 14.0.25420.1
MinimumVisualStudioVersion = 10.0.40219.1
Project("{FAE04EC0-301F-11D3-BF4B-00C04F79EFBC}") = "IcebreakersWeb", "IcebreakersWeb\IcebreakersWeb.csproj", "{632FD0B9-167F-41DA-9796-468804B72755}"
EndProject
Global
	GlobalSection(SolutionConfigurationPlatforms) = preSolution
		Debug|Any CPU = Debug|Any CPU
		Release|Any CPU = Release|Any CPU
	EndGlobalSection
	GlobalSection(ProjectConfigurationPlatforms) = postSolution
		{632FD0B9-167F-41DA-9796-468804B72755}.Debug|Any CPU.ActiveCfg = Debug|Any CPU
		{632FD0B9-167F-41DA-9796-468804B72755}.Debug|Any CPU.Build.0 = Debug|Any CPU
		{632FD0B9-167F-41DA-9796-468804B72755}.Release|Any CPU.ActiveCfg = Release|Any CPU
		{632FD0B9-167F-41DA-9796-468804B72755}.Release|Any CPU.Build.0 = Release|Any CPU
	EndGlobalSection
	GlobalSection(SolutionProperties) = preSolution
		HideSolutionNode = FALSE
	EndGlobalSection
EndGlobal
